# Tested on Linux x86_64, Python 3.14.4. Install this, then `pip install -e . --no-deps`.
absl-py==2.5.0
etils==1.14.0
fsspec==2026.7.0
glfw==2.10.2
iniconfig==2.3.0
mujoco==3.13.0
numpy==2.5.3
packaging==26.3
pluggy==1.6.0
Pygments==2.21.0
PyOpenGL==3.1.10
pytest==9.1.1
scipy==1.18.1
trimesh==4.12.2
tetgen==0.8.4
typing_extensions==4.16.0
zipp==4.1.0
